
Microsoft Visual Studio Solution File, Format Version 12.00
# Visual Studio Version 17
VisualStudioVersion = 17.7.34031.279
MinimumVisualStudioVersion = 10.0.40219.1
Project("{FAE04EC0-301F-11D3-BF4B-00C04F79EFBC}") = "Personnel_Registration", "Personnel_Registration\Personnel_Registration.csproj", "{2786C63E-55A5-42F9-8E7C-EE45CA84FE6F}"
EndProject
Global
	GlobalSection(SolutionConfigurationPlatforms) = preSolution
		Debug|Any CPU = Debug|Any CPU
		Release|Any CPU = Release|Any CPU
	EndGlobalSection
	GlobalSection(ProjectConfigurationPlatforms) = postSolution
		{2786C63E-55A5-42F9-8E7C-EE45CA84FE6F}.Debug|Any CPU.ActiveCfg = Debug|Any CPU
		{2786C63E-55A5-42F9-8E7C-EE45CA84FE6F}.Debug|Any CPU.Build.0 = Debug|Any CPU
		{2786C63E-55A5-42F9-8E7C-EE45CA84FE6F}.Release|Any CPU.ActiveCfg = Release|Any CPU
		{2786C63E-55A5-42F9-8E7C-EE45CA84FE6F}.Release|Any CPU.Build.0 = Release|Any CPU
	EndGlobalSection
	GlobalSection(SolutionProperties) = preSolution
		HideSolutionNode = FALSE
	EndGlobalSection
	GlobalSection(ExtensibilityGlobals) = postSolution
		SolutionGuid = {40937C52-DE41-4E40-9F4D-A5E3B80C1B0C}
	EndGlobalSection
EndGlobal
